{
  "name": "@console-one/namespace",
  "version": "0.1.1",
  "lockfileVersion": 3,
  "requires": true,
  "packages": {
    "": {
      "name": "@console-one/namespace",
      "version": "0.1.1",
      "license": "MIT",
      "dependencies": {
        "@console-one/assessable": "file:../assessable",
        "@console-one/multimap": "^0.2.0",
        "@console-one/subscription": "^0.1.1",
        "@console-one/walker": "^0.1.1"
      },
      "devDependencies": {
        "@types/node": "^20.19.39",
        "typescript": "^5.9.3"
      }
    },
    "../assessable": {
      "name": "@console-one/assessable",
      "version": "0.1.2",
      "license": "MIT",
      "dependencies": {
        "@console-one/collections": "^0.1.0",
        "@console-one/multimap": "^0.1.0",
        "@console-one/subscription": "^0.1.0",
        "@console-one/walker": "^0.1.0"
      },
      "devDependencies": {
        "@types/node": "^20.0.0",
        "typescript": "^5.4.0"
      }
    },
    "node_modules/@console-one/assessable": {
      "resolved": "../assessable",
      "link": true
    },
    "node_modules/@console-one/collections": {
      "version": "0.1.2",
      "resolved": "https://registry.npmjs.org/@console-one/collections/-/collections-0.1.2.tgz",
      "integrity": "sha512-vU+QbZYf4s47OGi/ktkJjCQRQrKh1sSe8Dp1hqhaJDXZVgWKfCfa19EDFaLTfkhzy13w8x1JXYAUs9gD0sepvA==",
      "license": "MIT"
    },
    "node_modules/@console-one/multimap": {
      "version": "0.2.0",
      "resolved": "https://registry.npmjs.org/@console-one/multimap/-/multimap-0.2.0.tgz",
      "integrity": "sha512-A2SWuM0xIAHHuj42juKHnaykG3ARZS6Ik0bm+h7CC7cxfwgYkSpPLZ2AOAqxmZiaMjILBUd0U3S+a975cogVKQ==",
      "license": "MIT",
      "dependencies": {
        "heap-js": "^2.7.1"
      }
    },
    "node_modules/@console-one/subscription": {
      "version": "0.1.1",
      "resolved": "https://registry.npmjs.org/@console-one/subscription/-/subscription-0.1.1.tgz",
      "integrity": "sha512-pJMUkm00eWkhpA9QavJ3S99s5avFEjeMHBnnVVG3NYiAWEDN7ngDvIVIlvbBNw0dHY++JHYat6EXyMGO8jaV7Q==",
      "license": "MIT",
      "dependencies": {
        "@console-one/collections": "^0.1.0"
      }
    },
    "node_modules/@console-one/walker": {
      "version": "0.1.1",
      "resolved": "https://registry.npmjs.org/@console-one/walker/-/walker-0.1.1.tgz",
      "integrity": "sha512-mQDXLuh4bf0/ShqMqs8lbqH+j4L3gWr1cTIAyF7UMppzP2xYbXvR95aK622NnDG2G/LS9vkeBzUF+nRwqaqQhQ==",
      "license": "MIT",
      "dependencies": {
        "@console-one/multimap": "^0.1.0",
        "@console-one/subscription": "^0.1.0"
      }
    },
    "node_modules/@console-one/walker/node_modules/@console-one/multimap": {
      "version": "0.1.1",
      "resolved": "https://registry.npmjs.org/@console-one/multimap/-/multimap-0.1.1.tgz",
      "integrity": "sha512-uB4mbwD9k25LbYPjfqDBruo/uFkWgRFSh3BKAd6pGzpYvCE9OzOxti/gL+A08/fmCvEoxc46ZUsFNiSagOVpkA==",
      "license": "MIT"
    },
    "node_modules/@types/node": {
      "version": "20.19.39",
      "resolved": "https://registry.npmjs.org/@types/node/-/node-20.19.39.tgz",
      "integrity": "sha512-orrrD74MBUyK8jOAD/r0+lfa1I2MO6I+vAkmAWzMYbCcgrN4lCrmK52gRFQq/JRxfYPfonkr4b0jcY7Olqdqbw==",
      "dev": true,
      "license": "MIT",
      "dependencies": {
        "undici-types": "~6.21.0"
      }
    },
    "node_modules/heap-js": {
      "version": "2.7.1",
      "resolved": "https://registry.npmjs.org/heap-js/-/heap-js-2.7.1.tgz",
      "integrity": "sha512-EQfezRg0NCZGNlhlDR3Evrw1FVL2G3LhU7EgPoxufQKruNBSYA8MiRPHeWbU+36o+Fhel0wMwM+sLEiBAlNLJA==",
      "license": "BSD-3-Clause",
      "engines": {
        "node": ">=10.0.0"
      }
    },
    "node_modules/typescript": {
      "version": "5.9.3",
      "resolved": "https://registry.npmjs.org/typescript/-/typescript-5.9.3.tgz",
      "integrity": "sha512-jl1vZzPDinLr9eUt3J/t7V6FgNEw9QjvBPdysz9KfQDD41fQrC2Y4vKQdiaUpFT4bXlb1RHhLpp8wtm6M5TgSw==",
      "dev": true,
      "license": "Apache-2.0",
      "bin": {
        "tsc": "bin/tsc",
        "tsserver": "bin/tsserver"
      },
      "engines": {
        "node": ">=14.17"
      }
    },
    "node_modules/undici-types": {
      "version": "6.21.0",
      "resolved": "https://registry.npmjs.org/undici-types/-/undici-types-6.21.0.tgz",
      "integrity": "sha512-iwDZqg0QAGrg9Rav5H4n0M64c3mkR59cJ6wQp+7C4nI0gsmExaedaYLNO44eT4AtBBwjbTiGPMlt2Md0T9H9JQ==",
      "dev": true,
      "license": "MIT"
    }
  }
}
